
Microsoft Visual Studio Solution File, Format Version 12.00
# Visual Studio Version 16
VisualStudioVersion = 16.0.31911.196
MinimumVisualStudioVersion = 10.0.40219.1
Project("{FAE04EC0-301F-11D3-BF4B-00C04F79EFBC}") = "PopupsTutorial.Android", "PopupsTutorial.Android\PopupsTutorial.Android.csproj", "{007FF191-60D5-4C35-A366-3D756650E7D9}"
EndProject
Project("{FAE04EC0-301F-11D3-BF4B-00C04F79EFBC}") = "PopupsTutorial", "PopupsTutorial\PopupsTutorial.csproj", "{B005588F-9827-4C0C-8E8C-A16D2C561637}"
EndProject
Global
	GlobalSection(SolutionConfigurationPlatforms) = preSolution
		Debug|Any CPU = Debug|Any CPU
		Release|Any CPU = Release|Any CPU
	EndGlobalSection
	GlobalSection(ProjectConfigurationPlatforms) = postSolution
		{007FF191-60D5-4C35-A366-3D756650E7D9}.Debug|Any CPU.ActiveCfg = Debug|Any CPU
		{007FF191-60D5-4C35-A366-3D756650E7D9}.Debug|Any CPU.Build.0 = Debug|Any CPU
		{007FF191-60D5-4C35-A366-3D756650E7D9}.Debug|Any CPU.Deploy.0 = Debug|Any CPU
		{007FF191-60D5-4C35-A366-3D756650E7D9}.Release|Any CPU.ActiveCfg = Release|Any CPU
		{007FF191-60D5-4C35-A366-3D756650E7D9}.Release|Any CPU.Build.0 = Release|Any CPU
		{007FF191-60D5-4C35-A366-3D756650E7D9}.Release|Any CPU.Deploy.0 = Release|Any CPU
		{B005588F-9827-4C0C-8E8C-A16D2C561637}.Debug|Any CPU.ActiveCfg = Debug|Any CPU
		{B005588F-9827-4C0C-8E8C-A16D2C561637}.Debug|Any CPU.Build.0 = Debug|Any CPU
		{B005588F-9827-4C0C-8E8C-A16D2C561637}.Debug|Any CPU.Deploy.0 = Debug|Any CPU
		{B005588F-9827-4C0C-8E8C-A16D2C561637}.Release|Any CPU.ActiveCfg = Release|Any CPU
		{B005588F-9827-4C0C-8E8C-A16D2C561637}.Release|Any CPU.Build.0 = Release|Any CPU
		{B005588F-9827-4C0C-8E8C-A16D2C561637}.Release|Any CPU.Deploy.0 = Release|Any CPU
	EndGlobalSection
	GlobalSection(SolutionProperties) = preSolution
		HideSolutionNode = FALSE
	EndGlobalSection
	GlobalSection(ExtensibilityGlobals) = postSolution
		SolutionGuid = {0387A603-C122-4D55-902D-6560A8A1D7D7}
	EndGlobalSection
EndGlobal
